
Microsoft Visual Studio Solution File, Format Version 12.00
# Visual Studio Version 17
VisualStudioVersion = 17.2.32526.322
MinimumVisualStudioVersion = 10.0.40219.1
Project("{FAE04EC0-301F-11D3-BF4B-00C04F79EFBC}") = "eCommWeb", "eCommWeb\eCommWeb.csproj", "{E4C37F35-415E-4F9C-9192-B37222998BE5}"
EndProject
Global
	GlobalSection(SolutionConfigurationPlatforms) = preSolution
		Debug|Any CPU = Debug|Any CPU
		Release|Any CPU = Release|Any CPU
	EndGlobalSection
	GlobalSection(ProjectConfigurationPlatforms) = postSolution
		{E4C37F35-415E-4F9C-9192-B37222998BE5}.Debug|Any CPU.ActiveCfg = Debug|Any CPU
		{E4C37F35-415E-4F9C-9192-B37222998BE5}.Debug|Any CPU.Build.0 = Debug|Any CPU
		{E4C37F35-415E-4F9C-9192-B37222998BE5}.Release|Any CPU.ActiveCfg = Release|Any CPU
		{E4C37F35-415E-4F9C-9192-B37222998BE5}.Release|Any CPU.Build.0 = Release|Any CPU
	EndGlobalSection
	GlobalSection(SolutionProperties) = preSolution
		HideSolutionNode = FALSE
	EndGlobalSection
	GlobalSection(ExtensibilityGlobals) = postSolution
		SolutionGuid = {3BC602BB-A44F-459E-916B-EA545920156D}
	EndGlobalSection
EndGlobal
